// !$*UTF8*$!
{
	archiveVersion = 1;
	classes = {
	};
	objectVersion = 50;
	objects = {

/* Begin PBXBuildFile section */
		6C02E17D225D7170004B8C51 /* AppDelegate.swift in Sources */ = {isa = PBXBuildFile; fileRef = 6C02E17C225D7170004B8C51 /* AppDelegate.swift */; };
		6C02E17F225D7170004B8C51 /* ViewController.swift in Sources */ = {isa = PBXBuildFile; fileRef = 6C02E17E225D7170004B8C51 /* ViewController.swift */; };
		6C02E182225D7170004B8C51 /* Main.storyboard in Resources */ = {isa = PBXBuildFile; fileRef = 6C02E180225D7170004B8C51 /* Main.storyboard */; };
		6C02E185225D7170004B8C51 /* peazyPayiOS.xcdatamodeld in Sources */ = {isa = PBXBuildFile; fileRef = 6C02E183225D7170004B8C51 /* peazyPayiOS.xcdatamodeld */; };
		6C02E187225D7171004B8C51 /* Assets.xcassets in Resources */ = {isa = PBXBuildFile; fileRef = 6C02E186225D7171004B8C51 /* Assets.xcassets */; };
		6C02E18A225D7171004B8C51 /* LaunchScreen.storyboard in Resources */ = {isa = PBXBuildFile; fileRef = 6C02E188225D7171004B8C51 /* LaunchScreen.storyboard */; };
		6C02E195225D7171004B8C51 /* peazyPayiOSTests.swift in Sources */ = {isa = PBXBuildFile; fileRef = 6C02E194225D7171004B8C51 /* peazyPayiOSTests.swift */; };
		6C02E1A0225D7171004B8C51 /* peazyPayiOSUITests.swift in Sources */ = {isa = PBXBuildFile; fileRef = 6C02E19F225D7171004B8C51 /* peazyPayiOSUITests.swift */; };
/* End PBXBuildFile section */

/* Begin PBXContainerItemProxy section */
		6C02E191225D7171004B8C51 /* PBXContainerItemProxy */ = {
			isa = PBXContainerItemProxy;
			containerPortal = 6C02E171225D7170004B8C51 /* Project object */;
			proxyType = 1;
			remoteGlobalIDString = 6C02E178225D7170004B8C51;
			remoteInfo = peazyPayiOS;
		};
		6C02E19C225D7171004B8C51 /* PBXContainerItemProxy */ = {
			isa = PBXContainerItemProxy;
			containerPortal = 6C02E171225D7170004B8C51 /* Project object */;
			proxyType = 1;
			remoteGlobalIDString = 6C02E178225D7170004B8C51;
			remoteInfo = peazyPayiOS;
		};
/* End PBXContainerItemProxy section */

/* Begin PBXFileReference section */
		6C02E179225D7170004B8C51 /* peazyPayiOS.app */ = {isa = PBXFileReference; explicitFileType = wrapper.application; includeInIndex = 0; path = peazyPayiOS.app; sourceTree = BUILT_PRODUCTS_DIR; };
		6C02E17C225D7170004B8C51 /* AppDelegate.swift */ = {isa = PBXFileReference; lastKnownFileType = sourcecode.swift; path = AppDelegate.swift; sourceTree = "<group>"; };
		6C02E17E225D7170004B8C51 /* ViewController.swift */ = {isa = PBXFileReference; lastKnownFileType = sourcecode.swift; path = ViewController.swift; sourceTree = "<group>"; };
		6C02E181225D7170004B8C51 /* Base */ = {isa = PBXFileReference; lastKnownFileType = file.storyboard; name = Base; path = Base.lproj/Main.storyboard; sourceTree = "<group>"; };
		6C02E184225D7170004B8C51 /* peazyPayiOS.xcdatamodel */ = {isa = PBXFileReference; lastKnownFileType = wrapper.xcdatamodel; path = peazyPayiOS.xcdatamodel; sourceTree = "<group>"; };
		6C02E186225D7171004B8C51 /* Assets.xcassets */ = {isa = PBXFileReference; lastKnownFileType = folder.assetcatalog; path = Assets.xcassets; sourceTree = "<group>"; };
		6C02E189225D7171004B8C51 /* Base */ = {isa = PBXFileReference; lastKnownFileType = file.storyboard; name = Base; path = Base.lproj/LaunchScreen.storyboard; sourceTree = "<group>"; };
		6C02E18B225D7171004B8C51 /* Info.plist */ = {isa = PBXFileReference; lastKnownFileType = text.plist.xml; path = Info.plist; sourceTree = "<group>"; };
		6C02E190225D7171004B8C51 /* peazyPayiOSTests.xctest */ = {isa = PBXFileReference; explicitFileType = wrapper.cfbundle; includeInIndex = 0; path = peazyPayiOSTests.xctest; sourceTree = BUILT_PRODUCTS_DIR; };
		6C02E194225D7171004B8C51 /* peazyPayiOSTests.swift */ = {isa = PBXFileReference; lastKnownFileType = sourcecode.swift; path = peazyPayiOSTests.swift; sourceTree = "<group>"; };
		6C02E196225D7171004B8C51 /* Info.plist */ = {isa = PBXFileReference; lastKnownFileType = text.plist.xml; path = Info.plist; sourceTree = "<group>"; };
		6C02E19B225D7171004B8C51 /* peazyPayiOSUITests.xctest */ = {isa = PBXFileReference; explicitFileType = wrapper.cfbundle; includeInIndex = 0; path = peazyPayiOSUITests.xctest; sourceTree = BUILT_PRODUCTS_DIR; };
		6C02E19F225D7171004B8C51 /* peazyPayiOSUITests.swift */ = {isa = PBXFileReference; lastKnownFileType = sourcecode.swift; path = peazyPayiOSUITests.swift; sourceTree = "<group>"; };
		6C02E1A1225D7171004B8C51 /* Info.plist */ = {isa = PBXFileReference; lastKnownFileType = text.plist.xml; path = Info.plist; sourceTree = "<group>"; };
/* End PBXFileReference section */

/* Begin PBXFrameworksBuildPhase section */
		6C02E176225D7170004B8C51 /* Frameworks */ = {
			isa = PBXFrameworksBuildPhase;
			buildActionMask = 2147483647;
			files = (
			);
			runOnlyForDeploymentPostprocessing = 0;
		};
		6C02E18D225D7171004B8C51 /* Frameworks */ = {
			isa = PBXFrameworksBuildPhase;
			buildActionMask = 2147483647;
			files = (
			);
			runOnlyForDeploymentPostprocessing = 0;
		};
		6C02E198225D7171004B8C51 /* Frameworks */ = {
			isa = PBXFrameworksBuildPhase;
			buildActionMask = 2147483647;
			files = (
			);
			runOnlyForDeploymentPostprocessing = 0;
		};
/* End PBXFrameworksBuildPhase section */

/* Begin PBXGroup section */
		6C02E170225D7170004B8C51 = {
			isa = PBXGroup;
			children = (
				6C02E17B225D7170004B8C51 /* peazyPayiOS */,
				6C02E193225D7171004B8C51 /* peazyPayiOSTests */,
				6C02E19E225D7171004B8C51 /* peazyPayiOSUITests */,
				6C02E17A225D7170004B8C51 /* Products */,
			);
			sourceTree = "<group>";
		};
		6C02E17A225D7170004B8C51 /* Products */ = {
			isa = PBXGroup;
			children = (
				6C02E179225D7170004B8C51 /* peazyPayiOS.app */,
				6C02E190225D7171004B8C51 /* peazyPayiOSTests.xctest */,
				6C02E19B225D7171004B8C51 /* peazyPayiOSUITests.xctest */,
			);
			name = Products;
			sourceTree = "<group>";
		};
		6C02E17B225D7170004B8C51 /* peazyPayiOS */ = {
			isa = PBXGroup;
			children = (
				6C02E17C225D7170004B8C51 /* AppDelegate.swift */,
				6C02E17E225D7170004B8C51 /* ViewController.swift */,
				6C02E180225D7170004B8C51 /* Main.storyboard */,
				6C02E186225D7171004B8C51 /* Assets.xcassets */,
				6C02E188225D7171004B8C51 /* LaunchScreen.storyboard */,
				6C02E18B225D7171004B8C51 /* Info.plist */,
				6C02E183225D7170004B8C51 /* peazyPayiOS.xcdatamodeld */,
			);
			path = peazyPayiOS;
			sourceTree = "<group>";
		};
		6C02E193225D7171004B8C51 /* peazyPayiOSTests */ = {
			isa = PBXGroup;
			children = (
				6C02E194225D7171004B8C51 /* peazyPayiOSTests.swift */,
				6C02E196225D7171004B8C51 /* Info.plist */,
			);
			path = peazyPayiOSTests;
			sourceTree = "<group>";
		};
		6C02E19E225D7171004B8C51 /* peazyPayiOSUITests */ = {
			isa = PBXGroup;
			children = (
				6C02E19F225D7171004B8C51 /* peazyPayiOSUITests.swift */,
				6C02E1A1225D7171004B8C51 /* Info.plist */,
			);
			path = peazyPayiOSUITests;
			sourceTree = "<group>";
		};
/* End PBXGroup section */

/* Begin PBXNativeTarget section */
		6C02E178225D7170004B8C51 /* peazyPayiOS */ = {
			isa = PBXNativeTarget;
			buildConfigurationList = 6C02E1A4225D7171004B8C51 /* Build configuration list for PBXNativeTarget "peazyPayiOS" */;
			buildPhases = (
				6C02E175225D7170004B8C51 /* Sources */,
				6C02E176225D7170004B8C51 /* Frameworks */,
				6C02E177225D7170004B8C51 /* Resources */,
			);
			buildRules = (
			);
			dependencies = (
			);
			name = peazyPayiOS;
			productName = peazyPayiOS;
			productReference = 6C02E179225D7170004B8C51 /* peazyPayiOS.app */;
			productType = "com.apple.product-type.application";
		};
		6C02E18F225D7171004B8C51 /* peazyPayiOSTests */ = {
			isa = PBXNativeTarget;
			buildConfigurationList = 6C02E1A7225D7171004B8C51 /* Build configuration list for PBXNativeTarget "peazyPayiOSTests" */;
			buildPhases = (
				6C02E18C225D7171004B8C51 /* Sources */,
				6C02E18D225D7171004B8C51 /* Frameworks */,
				6C02E18E225D7171004B8C51 /* Resources */,
			);
			buildRules = (
			);
			dependencies = (
				6C02E192225D7171004B8C51 /* PBXTargetDependency */,
			);
			name = peazyPayiOSTests;
			productName = peazyPayiOSTests;
			productReference = 6C02E190225D7171004B8C51 /* peazyPayiOSTests.xctest */;
			productType = "com.apple.product-type.bundle.unit-test";
		};
		6C02E19A225D7171004B8C51 /* peazyPayiOSUITests */ = {
			isa = PBXNativeTarget;
			buildConfigurationList = 6C02E1AA225D7171004B8C51 /* Build configuration list for PBXNativeTarget "peazyPayiOSUITests" */;
			buildPhases = (
				6C02E197225D7171004B8C51 /* Sources */,
				6C02E198225D7171004B8C51 /* Frameworks */,
				6C02E199225D7171004B8C51 /* Resources */,
			);
			buildRules = (
			);
			dependencies = (
				6C02E19D225D7171004B8C51 /* PBXTargetDependency */,
			);
			name = peazyPayiOSUITests;
			productName = peazyPayiOSUITests;
			productReference = 6C02E19B225D7171004B8C51 /* peazyPayiOSUITests.xctest */;
			productType = "com.apple.product-type.bundle.ui-testing";
		};
/* End PBXNativeTarget section */

/* Begin PBXProject section */
		6C02E171225D7170004B8C51 /* Project object */ = {
			isa = PBXProject;
			attributes = {
				LastSwiftUpdateCheck = 1010;
				LastUpgradeCheck = 1010;
				ORGANIZATIONNAME = "Elden Li";
				TargetAttributes = {
					6C02E178225D7170004B8C51 = {
						CreatedOnToolsVersion = 10.1;
					};
					6C02E18F225D7171004B8C51 = {
						CreatedOnToolsVersion = 10.1;
						TestTargetID = 6C02E178225D7170004B8C51;
					};
					6C02E19A225D7171004B8C51 = {
						CreatedOnToolsVersion = 10.1;
						TestTargetID = 6C02E178225D7170004B8C51;
					};
				};
			};
			buildConfigurationList = 6C02E174225D7170004B8C51 /* Build configuration list for PBXProject "peazyPayiOS" */;
			compatibilityVersion = "Xcode 9.3";
			developmentRegion = en;
			hasScannedForEncodings = 0;
			knownRegions = (
				en,
				Base,
			);
			mainGroup = 6C02E170225D7170004B8C51;
			productRefGroup = 6C02E17A225D7170004B8C51 /* Products */;
			projectDirPath = "";
			projectRoot = "";
			targets = (
				6C02E178225D7170004B8C51 /* peazyPayiOS */,
				6C02E18F225D7171004B8C51 /* peazyPayiOSTests */,
				6C02E19A225D7171004B8C51 /* peazyPayiOSUITests */,
			);
		};
/* End PBXProject section */

/* Begin PBXResourcesBuildPhase section */
		6C02E177225D7170004B8C51 /* Resources */ = {
			isa = PBXResourcesBuildPhase;
			buildActionMask = 2147483647;
			files = (
				6C02E18A225D7171004B8C51 /* LaunchScreen.storyboard in Resources */,
				6C02E187225D7171004B8C51 /* Assets.xcassets in Resources */,
				6C02E182225D7170004B8C51 /* Main.storyboard in Resources */,
			);
			runOnlyForDeploymentPostprocessing = 0;
		};
		6C02E18E225D7171004B8C51 /* Resources */ = {
			isa = PBXResourcesBuildPhase;
			buildActionMask = 2147483647;
			files = (
			);
			runOnlyForDeploymentPostprocessing = 0;
		};
		6C02E199225D7171004B8C51 /* Resources */ = {
			isa = PBXResourcesBuildPhase;
			buildActionMask = 2147483647;
			files = (
			);
			runOnlyForDeploymentPostprocessing = 0;
		};
/* End PBXResourcesBuildPhase section */

/* Begin PBXSourcesBuildPhase section */
		6C02E175225D7170004B8C51 /* Sources */ = {
			isa = PBXSourcesBuildPhase;
			buildActionMask = 2147483647;
			files = (
				6C02E185225D7170004B8C51 /* peazyPayiOS.xcdatamodeld in Sources */,
				6C02E17F225D7170004B8C51 /* ViewController.swift in Sources */,
				6C02E17D225D7170004B8C51 /* AppDelegate.swift in Sources */,
			);
			runOnlyForDeploymentPostprocessing = 0;
		};
		6C02E18C225D7171004B8C51 /* Sources */ = {
			isa = PBXSourcesBuildPhase;
			buildActionMask = 2147483647;
			files = (
				6C02E195225D7171004B8C51 /* peazyPayiOSTests.swift in Sources */,
			);
			runOnlyForDeploymentPostprocessing = 0;
		};
		6C02E197225D7171004B8C51 /* Sources */ = {
			isa = PBXSourcesBuildPhase;
			buildActionMask = 2147483647;
			files = (
				6C02E1A0225D7171004B8C51 /* peazyPayiOSUITests.swift in Sources */,
			);
			runOnlyForDeploymentPostprocessing = 0;
		};
/* End PBXSourcesBuildPhase section */

/* Begin PBXTargetDependency section */
		6C02E192225D7171004B8C51 /* PBXTargetDependency */ = {
			isa = PBXTargetDependency;
			target = 6C02E178225D7170004B8C51 /* peazyPayiOS */;
			targetProxy = 6C02E191225D7171004B8C51 /* PBXContainerItemProxy */;
		};
		6C02E19D225D7171004B8C51 /* PBXTargetDependency */ = {
			isa = PBXTargetDependency;
			target = 6C02E178225D7170004B8C51 /* peazyPayiOS */;
			targetProxy = 6C02E19C225D7171004B8C51 /* PBXContainerItemProxy */;
		};
/* End PBXTargetDependency section */

/* Begin PBXVariantGroup section */
		6C02E180225D7170004B8C51 /* Main.storyboard */ = {
			isa = PBXVariantGroup;
			children = (
				6C02E181225D7170004B8C51 /* Base */,
			);
			name = Main.storyboard;
			sourceTree = "<group>";
		};
		6C02E188225D7171004B8C51 /* LaunchScreen.storyboard */ = {
			isa = PBXVariantGroup;
			children = (
				6C02E189225D7171004B8C51 /* Base */,
			);
			name = LaunchScreen.storyboard;
			sourceTree = "<group>";
		};
/* End PBXVariantGroup section */

/* Begin XCBuildConfiguration section */
		6C02E1A2225D7171004B8C51 /* Debug */ = {
			isa = XCBuildConfiguration;
			buildSettings = {
				ALWAYS_SEARCH_USER_PATHS = NO;
				CLANG_ANALYZER_NONNULL = YES;
				CLANG_ANALYZER_NUMBER_OBJECT_CONVERSION = YES_AGGRESSIVE;
				CLANG_CXX_LANGUAGE_STANDARD = "gnu++14";
				CLANG_CXX_LIBRARY = "libc++";
				CLANG_ENABLE_MODULES = YES;
				CLANG_ENABLE_OBJC_ARC = YES;
				CLANG_ENABLE_OBJC_WEAK = YES;
				CLANG_WARN_BLOCK_CAPTURE_AUTORELEASING = YES;
				CLANG_WARN_BOOL_CONVERSION = YES;
				CLANG_WARN_COMMA = YES;
				CLANG_WARN_CONSTANT_CONVERSION = YES;
				CLANG_WARN_DEPRECATED_OBJC_IMPLEMENTATIONS = YES;
				CLANG_WARN_DIRECT_OBJC_ISA_USAGE = YES_ERROR;
				CLANG_WARN_DOCUMENTATION_COMMENTS = YES;
				CLANG_WARN_EMPTY_BODY = YES;
				CLANG_WARN_ENUM_CONVERSION = YES;
				CLANG_WARN_INFINITE_RECURSION = YES;
				CLANG_WARN_INT_CONVERSION = YES;
				CLANG_WARN_NON_LITERAL_NULL_CONVERSION = YES;
				CLANG_WARN_OBJC_IMPLICIT_RETAIN_SELF = YES;
				CLANG_WARN_OBJC_LITERAL_CONVERSION = YES;
				CLANG_WARN_OBJC_ROOT_CLASS = YES_ERROR;
				CLANG_WARN_RANGE_LOOP_ANALYSIS = YES;
				CLANG_WARN_STRICT_PROTOTYPES = YES;
				CLANG_WARN_SUSPICIOUS_MOVE = YES;
				CLANG_WARN_UNGUARDED_AVAILABILITY = YES_AGGRESSIVE;
				CLANG_WARN_UNREACHABLE_CODE = YES;
				CLANG_WARN__DUPLICATE_METHOD_MATCH = YES;
				CODE_SIGN_IDENTITY = "iPhone Developer";
				COPY_PHASE_STRIP = NO;
				DEBUG_INFORMATION_FORMAT = dwarf;
				ENABLE_STRICT_OBJC_MSGSEND = YES;
				ENABLE_TESTABILITY = YES;
				GCC_C_LANGUAGE_STANDARD = gnu11;
				GCC_DYNAMIC_NO_PIC = NO;
				GCC_NO_COMMON_BLOCKS = YES;
				GCC_OPTIMIZATION_LEVEL = 0;
				GCC_PREPROCESSOR_DEFINITIONS = (
					"DEBUG=1",
					"$(inherited)",
				);
				GCC_WARN_64_TO_32_BIT_CONVERSION = YES;
				GCC_WARN_ABOUT_RETURN_TYPE = YES_ERROR;
				GCC_WARN_UNDECLARED_SELECTOR = YES;
				GCC_WARN_UNINITIALIZED_AUTOS = YES_AGGRESSIVE;
				GCC_WARN_UNUSED_FUNCTION = YES;
				GCC_WARN_UNUSED_VARIABLE = YES;
				IPHONEOS_DEPLOYMENT_TARGET = 12.1;
				MTL_ENABLE_DEBUG_INFO = INCLUDE_SOURCE;
				MTL_FAST_MATH = YES;
				ONLY_ACTIVE_ARCH = YES;
				SDKROOT = iphoneos;
				SWIFT_ACTIVE_COMPILATION_CONDITIONS = DEBUG;
				SWIFT_OPTIMIZATION_LEVEL = "-Onone";
			};
			name = Debug;
		};
		6C02E1A3225D7171004B8C51 /* Release */ = {
			isa = XCBuildConfiguration;
			buildSettings = {
				ALWAYS_SEARCH_USER_PATHS = NO;
				CLANG_ANALYZER_NONNULL = YES;
				CLANG_ANALYZER_NUMBER_OBJECT_CONVERSION = YES_AGGRESSIVE;
				CLANG_CXX_LANGUAGE_STANDARD = "gnu++14";
				CLANG_CXX_LIBRARY = "libc++";
				CLANG_ENABLE_MODULES = YES;
				CLANG_ENABLE_OBJC_ARC = YES;
				CLANG_ENABLE_OBJC_WEAK = YES;
				CLANG_WARN_BLOCK_CAPTURE_AUTORELEASING = YES;
				CLANG_WARN_BOOL_CONVERSION = YES;
				CLANG_WARN_COMMA = YES;
				CLANG_WARN_CONSTANT_CONVERSION = YES;
				CLANG_WARN_DEPRECATED_OBJC_IMPLEMENTATIONS = YES;
				CLANG_WARN_DIRECT_OBJC_ISA_USAGE = YES_ERROR;
				CLANG_WARN_DOCUMENTATION_COMMENTS = YES;
				CLANG_WARN_EMPTY_BODY = YES;
				CLANG_WARN_ENUM_CONVERSION = YES;
				CLANG_WARN_INFINITE_RECURSION = YES;
				CLANG_WARN_INT_CONVERSION = YES;
				CLANG_WARN_NON_LITERAL_NULL_CONVERSION = YES;
				CLANG_WARN_OBJC_IMPLICIT_RETAIN_SELF = YES;
				CLANG_WARN_OBJC_LITERAL_CONVERSION = YES;
				CLANG_WARN_OBJC_ROOT_CLASS = YES_ERROR;
				CLANG_WARN_RANGE_LOOP_ANALYSIS = YES;
				CLANG_WARN_STRICT_PROTOTYPES = YES;
				CLANG_WARN_SUSPICIOUS_MOVE = YES;
				CLANG_WARN_UNGUARDED_AVAILABILITY = YES_AGGRESSIVE;
				CLANG_WARN_UNREACHABLE_CODE = YES;
				CLANG_WARN__DUPLICATE_METHOD_MATCH = YES;
				CODE_SIGN_IDENTITY = "iPhone Developer";
				COPY_PHASE_STRIP = NO;
				DEBUG_INFORMATION_FORMAT = "dwarf-with-dsym";
				ENABLE_NS_ASSERTIONS = NO;
				ENABLE_STRICT_OBJC_MSGSEND = YES;
				GCC_C_LANGUAGE_STANDARD = gnu11;
				GCC_NO_COMMON_BLOCKS = YES;
				GCC_WARN_64_TO_32_BIT_CONVERSION = YES;
				GCC_WARN_ABOUT_RETURN_TYPE = YES_ERROR;
				GCC_WARN_UNDECLARED_SELECTOR = YES;
				GCC_WARN_UNINITIALIZED_AUTOS = YES_AGGRESSIVE;
				GCC_WARN_UNUSED_FUNCTION = YES;
				GCC_WARN_UNUSED_VARIABLE = YES;
				IPHONEOS_DEPLOYMENT_TARGET = 12.1;
				MTL_ENABLE_DEBUG_INFO = NO;
				MTL_FAST_MATH = YES;
				SDKROOT = iphoneos;
				SWIFT_COMPILATION_MODE = wholemodule;
				SWIFT_OPTIMIZATION_LEVEL = "-O";
				VALIDATE_PRODUCT = YES;
			};
			name = Release;
		};
		6C02E1A5225D7171004B8C51 /* Debug */ = {
			isa = XCBuildConfiguration;
			buildSettings = {
				ASSETCATALOG_COMPILER_APPICON_NAME = AppIcon;
				CODE_SIGN_STYLE = Automatic;
				INFOPLIST_FILE = peazyPayiOS/Info.plist;
				LD_RUNPATH_SEARCH_PATHS = (
					"$(inherited)",
					"@executable_path/Frameworks",
				);
				PRODUCT_BUNDLE_IDENTIFIER = com.eldenli.peazyPayiOS;
				PRODUCT_NAME = "$(TARGET_NAME)";
				SWIFT_VERSION = 4.2;
				TARGETED_DEVICE_FAMILY = "1,2";
			};
			name = Debug;
		};
		6C02E1A6225D7171004B8C51 /* Release */ = {
			isa = XCBuildConfiguration;
			buildSettings = {
				ASSETCATALOG_COMPILER_APPICON_NAME = AppIcon;
				CODE_SIGN_STYLE = Automatic;
				INFOPLIST_FILE = peazyPayiOS/Info.plist;
				LD_RUNPATH_SEARCH_PATHS = (
					"$(inherited)",
					"@executable_path/Frameworks",
				);
				PRODUCT_BUNDLE_IDENTIFIER = com.eldenli.peazyPayiOS;
				PRODUCT_NAME = "$(TARGET_NAME)";
				SWIFT_VERSION = 4.2;
				TARGETED_DEVICE_FAMILY = "1,2";
			};
			name = Release;
		};
		6C02E1A8225D7171004B8C51 /* Debug */ = {
			isa = XCBuildConfiguration;
			buildSettings = {
				ALWAYS_EMBED_SWIFT_STANDARD_LIBRARIES = YES;
				BUNDLE_LOADER = "$(TEST_HOST)";
				CODE_SIGN_STYLE = Automatic;
				INFOPLIST_FILE = peazyPayiOSTests/Info.plist;
				LD_RUNPATH_SEARCH_PATHS = (
					"$(inherited)",
					"@executable_path/Frameworks",
					"@loader_path/Frameworks",
				);
				PRODUCT_BUNDLE_IDENTIFIER = com.eldenli.peazyPayiOSTests;
				PRODUCT_NAME = "$(TARGET_NAME)";
				SWIFT_VERSION = 4.2;
				TARGETED_DEVICE_FAMILY = "1,2";
				TEST_HOST = "$(BUILT_PRODUCTS_DIR)/peazyPayiOS.app/peazyPayiOS";
			};
			name = Debug;
		};
		6C02E1A9225D7171004B8C51 /* Release */ = {
			isa = XCBuildConfiguration;
			buildSettings = {
				ALWAYS_EMBED_SWIFT_STANDARD_LIBRARIES = YES;
				BUNDLE_LOADER = "$(TEST_HOST)";
				CODE_SIGN_STYLE = Automatic;
				INFOPLIST_FILE = peazyPayiOSTests/Info.plist;
				LD_RUNPATH_SEARCH_PATHS = (
					"$(inherited)",
					"@executable_path/Frameworks",
					"@loader_path/Frameworks",
				);
				PRODUCT_BUNDLE_IDENTIFIER = com.eldenli.peazyPayiOSTests;
				PRODUCT_NAME = "$(TARGET_NAME)";
				SWIFT_VERSION = 4.2;
				TARGETED_DEVICE_FAMILY = "1,2";
				TEST_HOST = "$(BUILT_PRODUCTS_DIR)/peazyPayiOS.app/peazyPayiOS";
			};
			name = Release;
		};
		6C02E1AB225D7171004B8C51 /* Debug */ = {
			isa = XCBuildConfiguration;
			buildSettings = {
				ALWAYS_EMBED_SWIFT_STANDARD_LIBRARIES = YES;
				CODE_SIGN_STYLE = Automatic;
				INFOPLIST_FILE = peazyPayiOSUITests/Info.plist;
				LD_RUNPATH_SEARCH_PATHS = (
					"$(inherited)",
					"@executable_path/Frameworks",
					"@loader_path/Frameworks",
				);
				PRODUCT_BUNDLE_IDENTIFIER = com.eldenli.peazyPayiOSUITests;
				PRODUCT_NAME = "$(TARGET_NAME)";
				SWIFT_VERSION = 4.2;
				TARGETED_DEVICE_FAMILY = "1,2";
				TEST_TARGET_NAME = peazyPayiOS;
			};
			name = Debug;
		};
		6C02E1AC225D7171004B8C51 /* Release */ = {
			isa = XCBuildConfiguration;
			buildSettings = {
				ALWAYS_EMBED_SWIFT_STANDARD_LIBRARIES = YES;
				CODE_SIGN_STYLE = Automatic;
				INFOPLIST_FILE = peazyPayiOSUITests/Info.plist;
				LD_RUNPATH_SEARCH_PATHS = (
					"$(inherited)",
					"@executable_path/Frameworks",
					"@loader_path/Frameworks",
				);
				PRODUCT_BUNDLE_IDENTIFIER = com.eldenli.peazyPayiOSUITests;
				PRODUCT_NAME = "$(TARGET_NAME)";
				SWIFT_VERSION = 4.2;
				TARGETED_DEVICE_FAMILY = "1,2";
				TEST_TARGET_NAME = peazyPayiOS;
			};
			name = Release;
		};
/* End XCBuildConfiguration section */

/* Begin XCConfigurationList section */
		6C02E174225D7170004B8C51 /* Build configuration list for PBXProject "peazyPayiOS" */ = {
			isa = XCConfigurationList;
			buildConfigurations = (
				6C02E1A2225D7171004B8C51 /* Debug */,
				6C02E1A3225D7171004B8C51 /* Release */,
			);
			defaultConfigurationIsVisible = 0;
			defaultConfigurationName = Release;
		};
		6C02E1A4225D7171004B8C51 /* Build configuration list for PBXNativeTarget "peazyPayiOS" */ = {
			isa = XCConfigurationList;
			buildConfigurations = (
				6C02E1A5225D7171004B8C51 /* Debug */,
				6C02E1A6225D7171004B8C51 /* Release */,
			);
			defaultConfigurationIsVisible = 0;
			defaultConfigurationName = Release;
		};
		6C02E1A7225D7171004B8C51 /* Build configuration list for PBXNativeTarget "peazyPayiOSTests" */ = {
			isa = XCConfigurationList;
			buildConfigurations = (
				6C02E1A8225D7171004B8C51 /* Debug */,
				6C02E1A9225D7171004B8C51 /* Release */,
			);
			defaultConfigurationIsVisible = 0;
			defaultConfigurationName = Release;
		};
		6C02E1AA225D7171004B8C51 /* Build configuration list for PBXNativeTarget "peazyPayiOSUITests" */ = {
			isa = XCConfigurationList;
			buildConfigurations = (
				6C02E1AB225D7171004B8C51 /* Debug */,
				6C02E1AC225D7171004B8C51 /* Release */,
			);
			defaultConfigurationIsVisible = 0;
			defaultConfigurationName = Release;
		};
/* End XCConfigurationList section */

/* Begin XCVersionGroup section */
		6C02E183225D7170004B8C51 /* peazyPayiOS.xcdatamodeld */ = {
			isa = XCVersionGroup;
			children = (
				6C02E184225D7170004B8C51 /* peazyPayiOS.xcdatamodel */,
			);
			currentVersion = 6C02E184225D7170004B8C51 /* peazyPayiOS.xcdatamodel */;
			path = peazyPayiOS.xcdatamodeld;
			sourceTree = "<group>";
			versionGroupType = wrapper.xcdatamodel;
		};
/* End XCVersionGroup section */
	};
	rootObject = 6C02E171225D7170004B8C51 /* Project object */;
}
