// !$*UTF8*$!
{
	archiveVersion = 1;
	classes = {
	};
	objectVersion = 50;
	objects = {

/* Begin PBXBuildFile section */
		45CF14116913186906A989C0 /* Pods_peazyPayiOSTests.framework in Frameworks */ = {isa = PBXBuildFile; fileRef = 6BA7B1C74F15B1A705957193 /* Pods_peazyPayiOSTests.framework */; };
		6C02E17D225D7170004B8C51 /* AppDelegate.swift in Sources */ = {isa = PBXBuildFile; fileRef = 6C02E17C225D7170004B8C51 /* AppDelegate.swift */; };
		6C02E17F225D7170004B8C51 /* MapKitViewController.swift in Sources */ = {isa = PBXBuildFile; fileRef = 6C02E17E225D7170004B8C51 /* MapKitViewController.swift */; };
		6C02E182225D7170004B8C51 /* Main.storyboard in Resources */ = {isa = PBXBuildFile; fileRef = 6C02E180225D7170004B8C51 /* Main.storyboard */; };
		6C02E185225D7170004B8C51 /* peazyPayiOS.xcdatamodeld in Sources */ = {isa = PBXBuildFile; fileRef = 6C02E183225D7170004B8C51 /* peazyPayiOS.xcdatamodeld */; };
		6C02E187225D7171004B8C51 /* Assets.xcassets in Resources */ = {isa = PBXBuildFile; fileRef = 6C02E186225D7171004B8C51 /* Assets.xcassets */; };
		6C02E18A225D7171004B8C51 /* LaunchScreen.storyboard in Resources */ = {isa = PBXBuildFile; fileRef = 6C02E188225D7171004B8C51 /* LaunchScreen.storyboard */; };
		6C02E195225D7171004B8C51 /* peazyPayiOSTests.swift in Sources */ = {isa = PBXBuildFile; fileRef = 6C02E194225D7171004B8C51 /* peazyPayiOSTests.swift */; };
		6C02E1A0225D7171004B8C51 /* peazyPayiOSUITests.swift in Sources */ = {isa = PBXBuildFile; fileRef = 6C02E19F225D7171004B8C51 /* peazyPayiOSUITests.swift */; };
		6CC82177226B92B9009D88F5 /* LogInViewController.swift in Sources */ = {isa = PBXBuildFile; fileRef = 6CC82176226B92B9009D88F5 /* LogInViewController.swift */; };
		6CC82179226B92C5009D88F5 /* SignUpViewController.swift in Sources */ = {isa = PBXBuildFile; fileRef = 6CC82178226B92C5009D88F5 /* SignUpViewController.swift */; };
		6CC8217B226B9A64009D88F5 /* HomeViewController.swift in Sources */ = {isa = PBXBuildFile; fileRef = 6CC8217A226B9A64009D88F5 /* HomeViewController.swift */; };
		75391ABCF690712407E03977 /* Pods_peazyPayiOS.framework in Frameworks */ = {isa = PBXBuildFile; fileRef = F99EB597172828102485452C /* Pods_peazyPayiOS.framework */; };
		8C77541CF1CD83005BDC1E8A /* Pods_peazyPayiOSUITests.framework in Frameworks */ = {isa = PBXBuildFile; fileRef = A5256E2DF9C989F99E4C5659 /* Pods_peazyPayiOSUITests.framework */; };
		A2D083522272B39E00C2A1C1 /* GoogleService-Info.plist in Resources */ = {isa = PBXBuildFile; fileRef = A2D083512272B39E00C2A1C1 /* GoogleService-Info.plist */; };
		A2D083552272BA6E00C2A1C1 /* ProfileViewController.swift in Sources */ = {isa = PBXBuildFile; fileRef = A2D083542272BA6E00C2A1C1 /* ProfileViewController.swift */; };
		A2D083572272BBEB00C2A1C1 /* WalletViewController.swift in Sources */ = {isa = PBXBuildFile; fileRef = A2D083562272BBEB00C2A1C1 /* WalletViewController.swift */; };
		A2D083592272BDC800C2A1C1 /* PayStep2ViewController.swift in Sources */ = {isa = PBXBuildFile; fileRef = A2D083582272BDC800C2A1C1 /* PayStep2ViewController.swift */; };
		A72B06FB227299C800B4D01D /* SearchViewController.swift in Sources */ = {isa = PBXBuildFile; fileRef = A72B06FA227299C800B4D01D /* SearchViewController.swift */; };
		A72B06FC227299C800B4D01D /* SearchViewController.swift in Sources */ = {isa = PBXBuildFile; fileRef = A72B06FA227299C800B4D01D /* SearchViewController.swift */; };
		A72B06FD227299C800B4D01D /* SearchViewController.swift in Sources */ = {isa = PBXBuildFile; fileRef = A72B06FA227299C800B4D01D /* SearchViewController.swift */; };
		A72B070722729BBC00B4D01D /* PayStep1ViewController.swift in Sources */ = {isa = PBXBuildFile; fileRef = A72B070622729BBC00B4D01D /* PayStep1ViewController.swift */; };
		A72B070822729BBC00B4D01D /* PayStep1ViewController.swift in Sources */ = {isa = PBXBuildFile; fileRef = A72B070622729BBC00B4D01D /* PayStep1ViewController.swift */; };
		A72B070922729BBC00B4D01D /* PayStep1ViewController.swift in Sources */ = {isa = PBXBuildFile; fileRef = A72B070622729BBC00B4D01D /* PayStep1ViewController.swift */; };
/* End PBXBuildFile section */

/* Begin PBXContainerItemProxy section */
		6C02E191225D7171004B8C51 /* PBXContainerItemProxy */ = {
			isa = PBXContainerItemProxy;
			containerPortal = 6C02E171225D7170004B8C51 /* Project object */;
			proxyType = 1;
			remoteGlobalIDString = 6C02E178225D7170004B8C51;
			remoteInfo = peazyPayiOS;
		};
		6C02E19C225D7171004B8C51 /* PBXContainerItemProxy */ = {
			isa = PBXContainerItemProxy;
			containerPortal = 6C02E171225D7170004B8C51 /* Project object */;
			proxyType = 1;
			remoteGlobalIDString = 6C02E178225D7170004B8C51;
			remoteInfo = peazyPayiOS;
		};
/* End PBXContainerItemProxy section */

/* Begin PBXFileReference section */
		19BBE620FE20E92402D772A5 /* Pods-peazyPayiOS.debug.xcconfig */ = {isa = PBXFileReference; includeInIndex = 1; lastKnownFileType = text.xcconfig; name = "Pods-peazyPayiOS.debug.xcconfig"; path = "Pods/Target Support Files/Pods-peazyPayiOS/Pods-peazyPayiOS.debug.xcconfig"; sourceTree = "<group>"; };
		466EBCB4D0298C446FA6EE7F /* Pods-peazyPayiOSTests.release.xcconfig */ = {isa = PBXFileReference; includeInIndex = 1; lastKnownFileType = text.xcconfig; name = "Pods-peazyPayiOSTests.release.xcconfig"; path = "Pods/Target Support Files/Pods-peazyPayiOSTests/Pods-peazyPayiOSTests.release.xcconfig"; sourceTree = "<group>"; };
		62277EFFBA3C0D2F699CB056 /* Pods-peazyPayiOS.release.xcconfig */ = {isa = PBXFileReference; includeInIndex = 1; lastKnownFileType = text.xcconfig; name = "Pods-peazyPayiOS.release.xcconfig"; path = "Pods/Target Support Files/Pods-peazyPayiOS/Pods-peazyPayiOS.release.xcconfig"; sourceTree = "<group>"; };
		64F30CC44ED2342D7F3121FB /* Pods-peazyPayiOSUITests.debug.xcconfig */ = {isa = PBXFileReference; includeInIndex = 1; lastKnownFileType = text.xcconfig; name = "Pods-peazyPayiOSUITests.debug.xcconfig"; path = "Pods/Target Support Files/Pods-peazyPayiOSUITests/Pods-peazyPayiOSUITests.debug.xcconfig"; sourceTree = "<group>"; };
		687BF92F5A02E59F9A256EB4 /* Pods-peazyPayiOSTests.debug.xcconfig */ = {isa = PBXFileReference; includeInIndex = 1; lastKnownFileType = text.xcconfig; name = "Pods-peazyPayiOSTests.debug.xcconfig"; path = "Pods/Target Support Files/Pods-peazyPayiOSTests/Pods-peazyPayiOSTests.debug.xcconfig"; sourceTree = "<group>"; };
		6BA7B1C74F15B1A705957193 /* Pods_peazyPayiOSTests.framework */ = {isa = PBXFileReference; explicitFileType = wrapper.framework; includeInIndex = 0; path = Pods_peazyPayiOSTests.framework; sourceTree = BUILT_PRODUCTS_DIR; };
		6C02E179225D7170004B8C51 /* peazyPayiOS.app */ = {isa = PBXFileReference; explicitFileType = wrapper.application; includeInIndex = 0; path = peazyPayiOS.app; sourceTree = BUILT_PRODUCTS_DIR; };
		6C02E17C225D7170004B8C51 /* AppDelegate.swift */ = {isa = PBXFileReference; lastKnownFileType = sourcecode.swift; path = AppDelegate.swift; sourceTree = "<group>"; };
		6C02E17E225D7170004B8C51 /* MapKitViewController.swift */ = {isa = PBXFileReference; lastKnownFileType = sourcecode.swift; path = MapKitViewController.swift; sourceTree = "<group>"; };
		6C02E181225D7170004B8C51 /* Base */ = {isa = PBXFileReference; lastKnownFileType = file.storyboard; name = Base; path = Base.lproj/Main.storyboard; sourceTree = "<group>"; };
		6C02E184225D7170004B8C51 /* peazyPayiOS.xcdatamodel */ = {isa = PBXFileReference; lastKnownFileType = wrapper.xcdatamodel; path = peazyPayiOS.xcdatamodel; sourceTree = "<group>"; };
		6C02E186225D7171004B8C51 /* Assets.xcassets */ = {isa = PBXFileReference; lastKnownFileType = folder.assetcatalog; path = Assets.xcassets; sourceTree = "<group>"; };
		6C02E189225D7171004B8C51 /* Base */ = {isa = PBXFileReference; lastKnownFileType = file.storyboard; name = Base; path = Base.lproj/LaunchScreen.storyboard; sourceTree = "<group>"; };
		6C02E18B225D7171004B8C51 /* Info.plist */ = {isa = PBXFileReference; lastKnownFileType = text.plist.xml; path = Info.plist; sourceTree = "<group>"; };
		6C02E190225D7171004B8C51 /* peazyPayiOSTests.xctest */ = {isa = PBXFileReference; explicitFileType = wrapper.cfbundle; includeInIndex = 0; path = peazyPayiOSTests.xctest; sourceTree = BUILT_PRODUCTS_DIR; };
		6C02E194225D7171004B8C51 /* peazyPayiOSTests.swift */ = {isa = PBXFileReference; lastKnownFileType = sourcecode.swift; path = peazyPayiOSTests.swift; sourceTree = "<group>"; };
		6C02E196225D7171004B8C51 /* Info.plist */ = {isa = PBXFileReference; lastKnownFileType = text.plist.xml; path = Info.plist; sourceTree = "<group>"; };
		6C02E19B225D7171004B8C51 /* peazyPayiOSUITests.xctest */ = {isa = PBXFileReference; explicitFileType = wrapper.cfbundle; includeInIndex = 0; path = peazyPayiOSUITests.xctest; sourceTree = BUILT_PRODUCTS_DIR; };
		6C02E19F225D7171004B8C51 /* peazyPayiOSUITests.swift */ = {isa = PBXFileReference; lastKnownFileType = sourcecode.swift; path = peazyPayiOSUITests.swift; sourceTree = "<group>"; };
		6C02E1A1225D7171004B8C51 /* Info.plist */ = {isa = PBXFileReference; lastKnownFileType = text.plist.xml; path = Info.plist; sourceTree = "<group>"; };
		6CC82176226B92B9009D88F5 /* LogInViewController.swift */ = {isa = PBXFileReference; lastKnownFileType = sourcecode.swift; path = LogInViewController.swift; sourceTree = "<group>"; };
		6CC82178226B92C5009D88F5 /* SignUpViewController.swift */ = {isa = PBXFileReference; lastKnownFileType = sourcecode.swift; path = SignUpViewController.swift; sourceTree = "<group>"; };
		6CC8217A226B9A64009D88F5 /* HomeViewController.swift */ = {isa = PBXFileReference; lastKnownFileType = sourcecode.swift; path = HomeViewController.swift; sourceTree = "<group>"; };
		A2D083512272B39E00C2A1C1 /* GoogleService-Info.plist */ = {isa = PBXFileReference; fileEncoding = 4; lastKnownFileType = text.plist.xml; path = "GoogleService-Info.plist"; sourceTree = "<group>"; };
		A2D083542272BA6E00C2A1C1 /* ProfileViewController.swift */ = {isa = PBXFileReference; lastKnownFileType = sourcecode.swift; path = ProfileViewController.swift; sourceTree = "<group>"; };
		A2D083562272BBEB00C2A1C1 /* WalletViewController.swift */ = {isa = PBXFileReference; lastKnownFileType = sourcecode.swift; path = WalletViewController.swift; sourceTree = "<group>"; };
		A2D083582272BDC800C2A1C1 /* PayStep2ViewController.swift */ = {isa = PBXFileReference; lastKnownFileType = sourcecode.swift; path = PayStep2ViewController.swift; sourceTree = "<group>"; };
		A5256E2DF9C989F99E4C5659 /* Pods_peazyPayiOSUITests.framework */ = {isa = PBXFileReference; explicitFileType = wrapper.framework; includeInIndex = 0; path = Pods_peazyPayiOSUITests.framework; sourceTree = BUILT_PRODUCTS_DIR; };
		A72B06FA227299C800B4D01D /* SearchViewController.swift */ = {isa = PBXFileReference; lastKnownFileType = sourcecode.swift; path = SearchViewController.swift; sourceTree = "<group>"; };
		A72B070622729BBC00B4D01D /* PayStep1ViewController.swift */ = {isa = PBXFileReference; lastKnownFileType = sourcecode.swift; path = PayStep1ViewController.swift; sourceTree = "<group>"; };
		B13AFD604FB9A6C0180993D9 /* Pods-peazyPayiOSUITests.release.xcconfig */ = {isa = PBXFileReference; includeInIndex = 1; lastKnownFileType = text.xcconfig; name = "Pods-peazyPayiOSUITests.release.xcconfig"; path = "Pods/Target Support Files/Pods-peazyPayiOSUITests/Pods-peazyPayiOSUITests.release.xcconfig"; sourceTree = "<group>"; };
		F99EB597172828102485452C /* Pods_peazyPayiOS.framework */ = {isa = PBXFileReference; explicitFileType = wrapper.framework; includeInIndex = 0; path = Pods_peazyPayiOS.framework; sourceTree = BUILT_PRODUCTS_DIR; };
/* End PBXFileReference section */

/* Begin PBXFrameworksBuildPhase section */
		6C02E176225D7170004B8C51 /* Frameworks */ = {
			isa = PBXFrameworksBuildPhase;
			buildActionMask = 2147483647;
			files = (
				75391ABCF690712407E03977 /* Pods_peazyPayiOS.framework in Frameworks */,
			);
			runOnlyForDeploymentPostprocessing = 0;
		};
		6C02E18D225D7171004B8C51 /* Frameworks */ = {
			isa = PBXFrameworksBuildPhase;
			buildActionMask = 2147483647;
			files = (
				45CF14116913186906A989C0 /* Pods_peazyPayiOSTests.framework in Frameworks */,
			);
			runOnlyForDeploymentPostprocessing = 0;
		};
		6C02E198225D7171004B8C51 /* Frameworks */ = {
			isa = PBXFrameworksBuildPhase;
			buildActionMask = 2147483647;
			files = (
				8C77541CF1CD83005BDC1E8A /* Pods_peazyPayiOSUITests.framework in Frameworks */,
			);
			runOnlyForDeploymentPostprocessing = 0;
		};
/* End PBXFrameworksBuildPhase section */

/* Begin PBXGroup section */
		50A130DCA9331E8EB2DB59D4 /* Pods */ = {
			isa = PBXGroup;
			children = (
				19BBE620FE20E92402D772A5 /* Pods-peazyPayiOS.debug.xcconfig */,
				62277EFFBA3C0D2F699CB056 /* Pods-peazyPayiOS.release.xcconfig */,
				687BF92F5A02E59F9A256EB4 /* Pods-peazyPayiOSTests.debug.xcconfig */,
				466EBCB4D0298C446FA6EE7F /* Pods-peazyPayiOSTests.release.xcconfig */,
				64F30CC44ED2342D7F3121FB /* Pods-peazyPayiOSUITests.debug.xcconfig */,
				B13AFD604FB9A6C0180993D9 /* Pods-peazyPayiOSUITests.release.xcconfig */,
			);
			name = Pods;
			sourceTree = "<group>";
		};
		6C02E170225D7170004B8C51 = {
			isa = PBXGroup;
			children = (
				6C02E17B225D7170004B8C51 /* peazyPayiOS */,
				6C02E193225D7171004B8C51 /* peazyPayiOSTests */,
				6C02E19E225D7171004B8C51 /* peazyPayiOSUITests */,
				6C02E17A225D7170004B8C51 /* Products */,
				50A130DCA9331E8EB2DB59D4 /* Pods */,
				C147FB09E8F425CD699C8A0D /* Frameworks */,
			);
			sourceTree = "<group>";
		};
		6C02E17A225D7170004B8C51 /* Products */ = {
			isa = PBXGroup;
			children = (
				6C02E179225D7170004B8C51 /* peazyPayiOS.app */,
				6C02E190225D7171004B8C51 /* peazyPayiOSTests.xctest */,
				6C02E19B225D7171004B8C51 /* peazyPayiOSUITests.xctest */,
			);
			name = Products;
			sourceTree = "<group>";
		};
		6C02E17B225D7170004B8C51 /* peazyPayiOS */ = {
			isa = PBXGroup;
			children = (
				6C02E180225D7170004B8C51 /* Main.storyboard */,
				A2D083542272BA6E00C2A1C1 /* ProfileViewController.swift */,
				6CC82175226B928D009D88F5 /* Login and Signup */,
				6CC8217A226B9A64009D88F5 /* HomeViewController.swift */,
				A2D083562272BBEB00C2A1C1 /* WalletViewController.swift */,
				A2D083532272B6D400C2A1C1 /* PayStep1 */,
				A2D083582272BDC800C2A1C1 /* PayStep2ViewController.swift */,
				6C02E17C225D7170004B8C51 /* AppDelegate.swift */,
				6C02E17E225D7170004B8C51 /* MapKitViewController.swift */,
				6C02E188225D7171004B8C51 /* LaunchScreen.storyboard */,
				6C02E183225D7170004B8C51 /* peazyPayiOS.xcdatamodeld */,
				A2D083512272B39E00C2A1C1 /* GoogleService-Info.plist */,
				6C02E18B225D7171004B8C51 /* Info.plist */,
				6C02E186225D7171004B8C51 /* Assets.xcassets */,
			);
			path = peazyPayiOS;
			sourceTree = "<group>";
		};
		6C02E193225D7171004B8C51 /* peazyPayiOSTests */ = {
			isa = PBXGroup;
			children = (
				6C02E194225D7171004B8C51 /* peazyPayiOSTests.swift */,
				6C02E196225D7171004B8C51 /* Info.plist */,
			);
			path = peazyPayiOSTests;
			sourceTree = "<group>";
		};
		6C02E19E225D7171004B8C51 /* peazyPayiOSUITests */ = {
			isa = PBXGroup;
			children = (
				6C02E19F225D7171004B8C51 /* peazyPayiOSUITests.swift */,
				6C02E1A1225D7171004B8C51 /* Info.plist */,
			);
			path = peazyPayiOSUITests;
			sourceTree = "<group>";
		};
		6CC82175226B928D009D88F5 /* Login and Signup */ = {
			isa = PBXGroup;
			children = (
				6CC82176226B92B9009D88F5 /* LogInViewController.swift */,
				6CC82178226B92C5009D88F5 /* SignUpViewController.swift */,
			);
			path = "Login and Signup";
			sourceTree = "<group>";
		};
		A2D083532272B6D400C2A1C1 /* PayStep1 */ = {
			isa = PBXGroup;
			children = (
				A72B070622729BBC00B4D01D /* PayStep1ViewController.swift */,
				A72B06FA227299C800B4D01D /* SearchViewController.swift */,
			);
			path = PayStep1;
			sourceTree = "<group>";
		};
		C147FB09E8F425CD699C8A0D /* Frameworks */ = {
			isa = PBXGroup;
			children = (
				F99EB597172828102485452C /* Pods_peazyPayiOS.framework */,
				6BA7B1C74F15B1A705957193 /* Pods_peazyPayiOSTests.framework */,
				A5256E2DF9C989F99E4C5659 /* Pods_peazyPayiOSUITests.framework */,
			);
			name = Frameworks;
			sourceTree = "<group>";
		};
/* End PBXGroup section */

/* Begin PBXNativeTarget section */
		6C02E178225D7170004B8C51 /* peazyPayiOS */ = {
			isa = PBXNativeTarget;
			buildConfigurationList = 6C02E1A4225D7171004B8C51 /* Build configuration list for PBXNativeTarget "peazyPayiOS" */;
			buildPhases = (
				17DB0B8F9A1A62474D382C0C /* [CP] Check Pods Manifest.lock */,
				6C02E175225D7170004B8C51 /* Sources */,
				6C02E176225D7170004B8C51 /* Frameworks */,
				6C02E177225D7170004B8C51 /* Resources */,
				EEDEA17F6454F68B7A9112CF /* [CP] Embed Pods Frameworks */,
				8161BBECF6D0AD2E9F28775D /* [CP] Copy Pods Resources */,
			);
			buildRules = (
			);
			dependencies = (
			);
			name = peazyPayiOS;
			productName = peazyPayiOS;
			productReference = 6C02E179225D7170004B8C51 /* peazyPayiOS.app */;
			productType = "com.apple.product-type.application";
		};
		6C02E18F225D7171004B8C51 /* peazyPayiOSTests */ = {
			isa = PBXNativeTarget;
			buildConfigurationList = 6C02E1A7225D7171004B8C51 /* Build configuration list for PBXNativeTarget "peazyPayiOSTests" */;
			buildPhases = (
				4ADF49746B45C330728E4F1E /* [CP] Check Pods Manifest.lock */,
				6C02E18C225D7171004B8C51 /* Sources */,
				6C02E18D225D7171004B8C51 /* Frameworks */,
				6C02E18E225D7171004B8C51 /* Resources */,
			);
			buildRules = (
			);
			dependencies = (
				6C02E192225D7171004B8C51 /* PBXTargetDependency */,
			);
			name = peazyPayiOSTests;
			productName = peazyPayiOSTests;
			productReference = 6C02E190225D7171004B8C51 /* peazyPayiOSTests.xctest */;
			productType = "com.apple.product-type.bundle.unit-test";
		};
		6C02E19A225D7171004B8C51 /* peazyPayiOSUITests */ = {
			isa = PBXNativeTarget;
			buildConfigurationList = 6C02E1AA225D7171004B8C51 /* Build configuration list for PBXNativeTarget "peazyPayiOSUITests" */;
			buildPhases = (
				54850619D6267AC6757F76AC /* [CP] Check Pods Manifest.lock */,
				6C02E197225D7171004B8C51 /* Sources */,
				6C02E198225D7171004B8C51 /* Frameworks */,
				6C02E199225D7171004B8C51 /* Resources */,
			);
			buildRules = (
			);
			dependencies = (
				6C02E19D225D7171004B8C51 /* PBXTargetDependency */,
			);
			name = peazyPayiOSUITests;
			productName = peazyPayiOSUITests;
			productReference = 6C02E19B225D7171004B8C51 /* peazyPayiOSUITests.xctest */;
			productType = "com.apple.product-type.bundle.ui-testing";
		};
/* End PBXNativeTarget section */

/* Begin PBXProject section */
		6C02E171225D7170004B8C51 /* Project object */ = {
			isa = PBXProject;
			attributes = {
				LastSwiftUpdateCheck = 1010;
				LastUpgradeCheck = 1010;
				ORGANIZATIONNAME = "Elden Li";
				TargetAttributes = {
					6C02E178225D7170004B8C51 = {
						CreatedOnToolsVersion = 10.1;
					};
					6C02E18F225D7171004B8C51 = {
						CreatedOnToolsVersion = 10.1;
						TestTargetID = 6C02E178225D7170004B8C51;
					};
					6C02E19A225D7171004B8C51 = {
						CreatedOnToolsVersion = 10.1;
						TestTargetID = 6C02E178225D7170004B8C51;
					};
				};
			};
			buildConfigurationList = 6C02E174225D7170004B8C51 /* Build configuration list for PBXProject "peazyPayiOS" */;
			compatibilityVersion = "Xcode 9.3";
			developmentRegion = en;
			hasScannedForEncodings = 0;
			knownRegions = (
				en,
				Base,
			);
			mainGroup = 6C02E170225D7170004B8C51;
			productRefGroup = 6C02E17A225D7170004B8C51 /* Products */;
			projectDirPath = "";
			projectRoot = "";
			targets = (
				6C02E178225D7170004B8C51 /* peazyPayiOS */,
				6C02E18F225D7171004B8C51 /* peazyPayiOSTests */,
				6C02E19A225D7171004B8C51 /* peazyPayiOSUITests */,
			);
		};
/* End PBXProject section */

/* Begin PBXResourcesBuildPhase section */
		6C02E177225D7170004B8C51 /* Resources */ = {
			isa = PBXResourcesBuildPhase;
			buildActionMask = 2147483647;
			files = (
				6C02E18A225D7171004B8C51 /* LaunchScreen.storyboard in Resources */,
				A2D083522272B39E00C2A1C1 /* GoogleService-Info.plist in Resources */,
				6C02E187225D7171004B8C51 /* Assets.xcassets in Resources */,
				6C02E182225D7170004B8C51 /* Main.storyboard in Resources */,
			);
			runOnlyForDeploymentPostprocessing = 0;
		};
		6C02E18E225D7171004B8C51 /* Resources */ = {
			isa = PBXResourcesBuildPhase;
			buildActionMask = 2147483647;
			files = (
			);
			runOnlyForDeploymentPostprocessing = 0;
		};
		6C02E199225D7171004B8C51 /* Resources */ = {
			isa = PBXResourcesBuildPhase;
			buildActionMask = 2147483647;
			files = (
			);
			runOnlyForDeploymentPostprocessing = 0;
		};
/* End PBXResourcesBuildPhase section */

/* Begin PBXShellScriptBuildPhase section */
		17DB0B8F9A1A62474D382C0C /* [CP] Check Pods Manifest.lock */ = {
			isa = PBXShellScriptBuildPhase;
			buildActionMask = 2147483647;
			files = (
			);
			inputFileListPaths = (
			);
			inputPaths = (
				"${PODS_PODFILE_DIR_PATH}/Podfile.lock",
				"${PODS_ROOT}/Manifest.lock",
			);
			name = "[CP] Check Pods Manifest.lock";
			outputFileListPaths = (
			);
			outputPaths = (
				"$(DERIVED_FILE_DIR)/Pods-peazyPayiOS-checkManifestLockResult.txt",
			);
			runOnlyForDeploymentPostprocessing = 0;
			shellPath = /bin/sh;
			shellScript = "diff \"${PODS_PODFILE_DIR_PATH}/Podfile.lock\" \"${PODS_ROOT}/Manifest.lock\" > /dev/null\nif [ $? != 0 ] ; then\n    # print error to STDERR\n    echo \"error: The sandbox is not in sync with the Podfile.lock. Run 'pod install' or update your CocoaPods installation.\" >&2\n    exit 1\nfi\n# This output is used by Xcode 'outputs' to avoid re-running this script phase.\necho \"SUCCESS\" > \"${SCRIPT_OUTPUT_FILE_0}\"\n";
			showEnvVarsInLog = 0;
		};
		4ADF49746B45C330728E4F1E /* [CP] Check Pods Manifest.lock */ = {
			isa = PBXShellScriptBuildPhase;
			buildActionMask = 2147483647;
			files = (
			);
			inputFileListPaths = (
			);
			inputPaths = (
				"${PODS_PODFILE_DIR_PATH}/Podfile.lock",
				"${PODS_ROOT}/Manifest.lock",
			);
			name = "[CP] Check Pods Manifest.lock";
			outputFileListPaths = (
			);
			outputPaths = (
				"$(DERIVED_FILE_DIR)/Pods-peazyPayiOSTests-checkManifestLockResult.txt",
			);
			runOnlyForDeploymentPostprocessing = 0;
			shellPath = /bin/sh;
			shellScript = "diff \"${PODS_PODFILE_DIR_PATH}/Podfile.lock\" \"${PODS_ROOT}/Manifest.lock\" > /dev/null\nif [ $? != 0 ] ; then\n    # print error to STDERR\n    echo \"error: The sandbox is not in sync with the Podfile.lock. Run 'pod install' or update your CocoaPods installation.\" >&2\n    exit 1\nfi\n# This output is used by Xcode 'outputs' to avoid re-running this script phase.\necho \"SUCCESS\" > \"${SCRIPT_OUTPUT_FILE_0}\"\n";
			showEnvVarsInLog = 0;
		};
		54850619D6267AC6757F76AC /* [CP] Check Pods Manifest.lock */ = {
			isa = PBXShellScriptBuildPhase;
			buildActionMask = 2147483647;
			files = (
			);
			inputFileListPaths = (
			);
			inputPaths = (
				"${PODS_PODFILE_DIR_PATH}/Podfile.lock",
				"${PODS_ROOT}/Manifest.lock",
			);
			name = "[CP] Check Pods Manifest.lock";
			outputFileListPaths = (
			);
			outputPaths = (
				"$(DERIVED_FILE_DIR)/Pods-peazyPayiOSUITests-checkManifestLockResult.txt",
			);
			runOnlyForDeploymentPostprocessing = 0;
			shellPath = /bin/sh;
			shellScript = "diff \"${PODS_PODFILE_DIR_PATH}/Podfile.lock\" \"${PODS_ROOT}/Manifest.lock\" > /dev/null\nif [ $? != 0 ] ; then\n    # print error to STDERR\n    echo \"error: The sandbox is not in sync with the Podfile.lock. Run 'pod install' or update your CocoaPods installation.\" >&2\n    exit 1\nfi\n# This output is used by Xcode 'outputs' to avoid re-running this script phase.\necho \"SUCCESS\" > \"${SCRIPT_OUTPUT_FILE_0}\"\n";
			showEnvVarsInLog = 0;
		};
		8161BBECF6D0AD2E9F28775D /* [CP] Copy Pods Resources */ = {
			isa = PBXShellScriptBuildPhase;
			buildActionMask = 2147483647;
			files = (
			);
			inputFileListPaths = (
			);
			inputPaths = (
				"${SRCROOT}/Pods/Target Support Files/Pods-peazyPayiOS/Pods-peazyPayiOS-resources.sh",
				"${PODS_CONFIGURATION_BUILD_DIR}/FirebaseFirestore/gRPCCertificates-Firestore.bundle",
				"${PODS_CONFIGURATION_BUILD_DIR}/FirebaseUI/FirebaseAnonymousAuthUI.bundle",
				"${PODS_CONFIGURATION_BUILD_DIR}/FirebaseUI/FirebaseAuthUI.bundle",
				"${PODS_CONFIGURATION_BUILD_DIR}/FirebaseUI/FirebaseFacebookAuthUI.bundle",
				"${PODS_CONFIGURATION_BUILD_DIR}/FirebaseUI/FirebaseGoogleAuthUI.bundle",
				"${PODS_CONFIGURATION_BUILD_DIR}/FirebaseUI/FirebasePhoneAuthUI.bundle",
				"${PODS_CONFIGURATION_BUILD_DIR}/FirebaseUI/FirebaseTwitterAuthUI.bundle",
				"${PODS_ROOT}/GoogleSignIn/Resources/GoogleSignIn.bundle",
				"${PODS_ROOT}/TwitterKit/iOS/TwitterKit.framework/TwitterKitResources.bundle",
			);
			name = "[CP] Copy Pods Resources";
			outputFileListPaths = (
			);
			outputPaths = (
				"${TARGET_BUILD_DIR}/${UNLOCALIZED_RESOURCES_FOLDER_PATH}/gRPCCertificates-Firestore.bundle",
				"${TARGET_BUILD_DIR}/${UNLOCALIZED_RESOURCES_FOLDER_PATH}/FirebaseAnonymousAuthUI.bundle",
				"${TARGET_BUILD_DIR}/${UNLOCALIZED_RESOURCES_FOLDER_PATH}/FirebaseAuthUI.bundle",
				"${TARGET_BUILD_DIR}/${UNLOCALIZED_RESOURCES_FOLDER_PATH}/FirebaseFacebookAuthUI.bundle",
				"${TARGET_BUILD_DIR}/${UNLOCALIZED_RESOURCES_FOLDER_PATH}/FirebaseGoogleAuthUI.bundle",
				"${TARGET_BUILD_DIR}/${UNLOCALIZED_RESOURCES_FOLDER_PATH}/FirebasePhoneAuthUI.bundle",
				"${TARGET_BUILD_DIR}/${UNLOCALIZED_RESOURCES_FOLDER_PATH}/FirebaseTwitterAuthUI.bundle",
				"${TARGET_BUILD_DIR}/${UNLOCALIZED_RESOURCES_FOLDER_PATH}/GoogleSignIn.bundle",
				"${TARGET_BUILD_DIR}/${UNLOCALIZED_RESOURCES_FOLDER_PATH}/TwitterKitResources.bundle",
			);
			runOnlyForDeploymentPostprocessing = 0;
			shellPath = /bin/sh;
			shellScript = "\"${SRCROOT}/Pods/Target Support Files/Pods-peazyPayiOS/Pods-peazyPayiOS-resources.sh\"\n";
			showEnvVarsInLog = 0;
		};
		EEDEA17F6454F68B7A9112CF /* [CP] Embed Pods Frameworks */ = {
			isa = PBXShellScriptBuildPhase;
			buildActionMask = 2147483647;
			files = (
			);
			inputFileListPaths = (
			);
			inputPaths = (
				"${SRCROOT}/Pods/Target Support Files/Pods-peazyPayiOS/Pods-peazyPayiOS-frameworks.sh",
				"${BUILT_PRODUCTS_DIR}/Bolts/Bolts.framework",
				"${BUILT_PRODUCTS_DIR}/BoringSSL/openssl.framework",
				"${BUILT_PRODUCTS_DIR}/FBSDKCoreKit/FBSDKCoreKit.framework",
				"${BUILT_PRODUCTS_DIR}/FBSDKLoginKit/FBSDKLoginKit.framework",
				"${BUILT_PRODUCTS_DIR}/GTMSessionFetcher/GTMSessionFetcher.framework",
				"${BUILT_PRODUCTS_DIR}/GoogleToolboxForMac/GoogleToolboxForMac.framework",
				"${BUILT_PRODUCTS_DIR}/GoogleUtilities/GoogleUtilities.framework",
				"${BUILT_PRODUCTS_DIR}/Protobuf/Protobuf.framework",
				"${BUILT_PRODUCTS_DIR}/SDWebImage/SDWebImage.framework",
				"${PODS_ROOT}/TwitterCore/iOS/TwitterCore.framework",
				"${PODS_ROOT}/TwitterKit/iOS/TwitterKit.framework",
				"${BUILT_PRODUCTS_DIR}/gRPC-C++/grpcpp.framework",
				"${BUILT_PRODUCTS_DIR}/gRPC-Core/grpc.framework",
				"${BUILT_PRODUCTS_DIR}/leveldb-library/leveldb.framework",
				"${BUILT_PRODUCTS_DIR}/nanopb/nanopb.framework",
			);
			name = "[CP] Embed Pods Frameworks";
			outputFileListPaths = (
			);
			outputPaths = (
				"${TARGET_BUILD_DIR}/${FRAMEWORKS_FOLDER_PATH}/Bolts.framework",
				"${TARGET_BUILD_DIR}/${FRAMEWORKS_FOLDER_PATH}/openssl.framework",
				"${TARGET_BUILD_DIR}/${FRAMEWORKS_FOLDER_PATH}/FBSDKCoreKit.framework",
				"${TARGET_BUILD_DIR}/${FRAMEWORKS_FOLDER_PATH}/FBSDKLoginKit.framework",
				"${TARGET_BUILD_DIR}/${FRAMEWORKS_FOLDER_PATH}/GTMSessionFetcher.framework",
				"${TARGET_BUILD_DIR}/${FRAMEWORKS_FOLDER_PATH}/GoogleToolboxForMac.framework",
				"${TARGET_BUILD_DIR}/${FRAMEWORKS_FOLDER_PATH}/GoogleUtilities.framework",
				"${TARGET_BUILD_DIR}/${FRAMEWORKS_FOLDER_PATH}/Protobuf.framework",
				"${TARGET_BUILD_DIR}/${FRAMEWORKS_FOLDER_PATH}/SDWebImage.framework",
				"${TARGET_BUILD_DIR}/${FRAMEWORKS_FOLDER_PATH}/TwitterCore.framework",
				"${TARGET_BUILD_DIR}/${FRAMEWORKS_FOLDER_PATH}/TwitterKit.framework",
				"${TARGET_BUILD_DIR}/${FRAMEWORKS_FOLDER_PATH}/grpcpp.framework",
				"${TARGET_BUILD_DIR}/${FRAMEWORKS_FOLDER_PATH}/grpc.framework",
				"${TARGET_BUILD_DIR}/${FRAMEWORKS_FOLDER_PATH}/leveldb.framework",
				"${TARGET_BUILD_DIR}/${FRAMEWORKS_FOLDER_PATH}/nanopb.framework",
			);
			runOnlyForDeploymentPostprocessing = 0;
			shellPath = /bin/sh;
			shellScript = "\"${SRCROOT}/Pods/Target Support Files/Pods-peazyPayiOS/Pods-peazyPayiOS-frameworks.sh\"\n";
			showEnvVarsInLog = 0;
		};
/* End PBXShellScriptBuildPhase section */

/* Begin PBXSourcesBuildPhase section */
		6C02E175225D7170004B8C51 /* Sources */ = {
			isa = PBXSourcesBuildPhase;
			buildActionMask = 2147483647;
			files = (
				6CC82177226B92B9009D88F5 /* LogInViewController.swift in Sources */,
				A72B06FB227299C800B4D01D /* SearchViewController.swift in Sources */,
				A2D083552272BA6E00C2A1C1 /* ProfileViewController.swift in Sources */,
				6CC8217B226B9A64009D88F5 /* HomeViewController.swift in Sources */,
				A2D083592272BDC800C2A1C1 /* PayStep2ViewController.swift in Sources */,
				6C02E185225D7170004B8C51 /* peazyPayiOS.xcdatamodeld in Sources */,
				6C02E17F225D7170004B8C51 /* MapKitViewController.swift in Sources */,
				A72B070722729BBC00B4D01D /* PayStep1ViewController.swift in Sources */,
				6C02E17D225D7170004B8C51 /* AppDelegate.swift in Sources */,
				6CC82179226B92C5009D88F5 /* SignUpViewController.swift in Sources */,
				A2D083572272BBEB00C2A1C1 /* WalletViewController.swift in Sources */,
			);
			runOnlyForDeploymentPostprocessing = 0;
		};
		6C02E18C225D7171004B8C51 /* Sources */ = {
			isa = PBXSourcesBuildPhase;
			buildActionMask = 2147483647;
			files = (
				A72B06FC227299C800B4D01D /* SearchViewController.swift in Sources */,
				6C02E195225D7171004B8C51 /* peazyPayiOSTests.swift in Sources */,
				A72B070822729BBC00B4D01D /* PayStep1ViewController.swift in Sources */,
			);
			runOnlyForDeploymentPostprocessing = 0;
		};
		6C02E197225D7171004B8C51 /* Sources */ = {
			isa = PBXSourcesBuildPhase;
			buildActionMask = 2147483647;
			files = (
				A72B06FD227299C800B4D01D /* SearchViewController.swift in Sources */,
				6C02E1A0225D7171004B8C51 /* peazyPayiOSUITests.swift in Sources */,
				A72B070922729BBC00B4D01D /* PayStep1ViewController.swift in Sources */,
			);
			runOnlyForDeploymentPostprocessing = 0;
		};
/* End PBXSourcesBuildPhase section */

/* Begin PBXTargetDependency section */
		6C02E192225D7171004B8C51 /* PBXTargetDependency */ = {
			isa = PBXTargetDependency;
			target = 6C02E178225D7170004B8C51 /* peazyPayiOS */;
			targetProxy = 6C02E191225D7171004B8C51 /* PBXContainerItemProxy */;
		};
		6C02E19D225D7171004B8C51 /* PBXTargetDependency */ = {
			isa = PBXTargetDependency;
			target = 6C02E178225D7170004B8C51 /* peazyPayiOS */;
			targetProxy = 6C02E19C225D7171004B8C51 /* PBXContainerItemProxy */;
		};
/* End PBXTargetDependency section */

/* Begin PBXVariantGroup section */
		6C02E180225D7170004B8C51 /* Main.storyboard */ = {
			isa = PBXVariantGroup;
			children = (
				6C02E181225D7170004B8C51 /* Base */,
			);
			name = Main.storyboard;
			sourceTree = "<group>";
		};
		6C02E188225D7171004B8C51 /* LaunchScreen.storyboard */ = {
			isa = PBXVariantGroup;
			children = (
				6C02E189225D7171004B8C51 /* Base */,
			);
			name = LaunchScreen.storyboard;
			sourceTree = "<group>";
		};
/* End PBXVariantGroup section */

/* Begin XCBuildConfiguration section */
		6C02E1A2225D7171004B8C51 /* Debug */ = {
			isa = XCBuildConfiguration;
			buildSettings = {
				ALWAYS_SEARCH_USER_PATHS = NO;
				CLANG_ANALYZER_NONNULL = YES;
				CLANG_ANALYZER_NUMBER_OBJECT_CONVERSION = YES_AGGRESSIVE;
				CLANG_CXX_LANGUAGE_STANDARD = "gnu++14";
				CLANG_CXX_LIBRARY = "libc++";
				CLANG_ENABLE_MODULES = YES;
				CLANG_ENABLE_OBJC_ARC = YES;
				CLANG_ENABLE_OBJC_WEAK = YES;
				CLANG_WARN_BLOCK_CAPTURE_AUTORELEASING = YES;
				CLANG_WARN_BOOL_CONVERSION = YES;
				CLANG_WARN_COMMA = YES;
				CLANG_WARN_CONSTANT_CONVERSION = YES;
				CLANG_WARN_DEPRECATED_OBJC_IMPLEMENTATIONS = YES;
				CLANG_WARN_DIRECT_OBJC_ISA_USAGE = YES_ERROR;
				CLANG_WARN_DOCUMENTATION_COMMENTS = YES;
				CLANG_WARN_EMPTY_BODY = YES;
				CLANG_WARN_ENUM_CONVERSION = YES;
				CLANG_WARN_INFINITE_RECURSION = YES;
				CLANG_WARN_INT_CONVERSION = YES;
				CLANG_WARN_NON_LITERAL_NULL_CONVERSION = YES;
				CLANG_WARN_OBJC_IMPLICIT_RETAIN_SELF = YES;
				CLANG_WARN_OBJC_LITERAL_CONVERSION = YES;
				CLANG_WARN_OBJC_ROOT_CLASS = YES_ERROR;
				CLANG_WARN_RANGE_LOOP_ANALYSIS = YES;
				CLANG_WARN_STRICT_PROTOTYPES = YES;
				CLANG_WARN_SUSPICIOUS_MOVE = YES;
				CLANG_WARN_UNGUARDED_AVAILABILITY = YES_AGGRESSIVE;
				CLANG_WARN_UNREACHABLE_CODE = YES;
				CLANG_WARN__DUPLICATE_METHOD_MATCH = YES;
				CODE_SIGN_IDENTITY = "iPhone Developer";
				COPY_PHASE_STRIP = NO;
				DEBUG_INFORMATION_FORMAT = dwarf;
				ENABLE_STRICT_OBJC_MSGSEND = YES;
				ENABLE_TESTABILITY = YES;
				GCC_C_LANGUAGE_STANDARD = gnu11;
				GCC_DYNAMIC_NO_PIC = NO;
				GCC_NO_COMMON_BLOCKS = YES;
				GCC_OPTIMIZATION_LEVEL = 0;
				GCC_PREPROCESSOR_DEFINITIONS = (
					"DEBUG=1",
					"$(inherited)",
				);
				GCC_WARN_64_TO_32_BIT_CONVERSION = YES;
				GCC_WARN_ABOUT_RETURN_TYPE = YES_ERROR;
				GCC_WARN_UNDECLARED_SELECTOR = YES;
				GCC_WARN_UNINITIALIZED_AUTOS = YES_AGGRESSIVE;
				GCC_WARN_UNUSED_FUNCTION = YES;
				GCC_WARN_UNUSED_VARIABLE = YES;
				IPHONEOS_DEPLOYMENT_TARGET = 12.1;
				MTL_ENABLE_DEBUG_INFO = INCLUDE_SOURCE;
				MTL_FAST_MATH = YES;
				ONLY_ACTIVE_ARCH = YES;
				SDKROOT = iphoneos;
				SWIFT_ACTIVE_COMPILATION_CONDITIONS = DEBUG;
				SWIFT_OPTIMIZATION_LEVEL = "-Onone";
			};
			name = Debug;
		};
		6C02E1A3225D7171004B8C51 /* Release */ = {
			isa = XCBuildConfiguration;
			buildSettings = {
				ALWAYS_SEARCH_USER_PATHS = NO;
				CLANG_ANALYZER_NONNULL = YES;
				CLANG_ANALYZER_NUMBER_OBJECT_CONVERSION = YES_AGGRESSIVE;
				CLANG_CXX_LANGUAGE_STANDARD = "gnu++14";
				CLANG_CXX_LIBRARY = "libc++";
				CLANG_ENABLE_MODULES = YES;
				CLANG_ENABLE_OBJC_ARC = YES;
				CLANG_ENABLE_OBJC_WEAK = YES;
				CLANG_WARN_BLOCK_CAPTURE_AUTORELEASING = YES;
				CLANG_WARN_BOOL_CONVERSION = YES;
				CLANG_WARN_COMMA = YES;
				CLANG_WARN_CONSTANT_CONVERSION = YES;
				CLANG_WARN_DEPRECATED_OBJC_IMPLEMENTATIONS = YES;
				CLANG_WARN_DIRECT_OBJC_ISA_USAGE = YES_ERROR;
				CLANG_WARN_DOCUMENTATION_COMMENTS = YES;
				CLANG_WARN_EMPTY_BODY = YES;
				CLANG_WARN_ENUM_CONVERSION = YES;
				CLANG_WARN_INFINITE_RECURSION = YES;
				CLANG_WARN_INT_CONVERSION = YES;
				CLANG_WARN_NON_LITERAL_NULL_CONVERSION = YES;
				CLANG_WARN_OBJC_IMPLICIT_RETAIN_SELF = YES;
				CLANG_WARN_OBJC_LITERAL_CONVERSION = YES;
				CLANG_WARN_OBJC_ROOT_CLASS = YES_ERROR;
				CLANG_WARN_RANGE_LOOP_ANALYSIS = YES;
				CLANG_WARN_STRICT_PROTOTYPES = YES;
				CLANG_WARN_SUSPICIOUS_MOVE = YES;
				CLANG_WARN_UNGUARDED_AVAILABILITY = YES_AGGRESSIVE;
				CLANG_WARN_UNREACHABLE_CODE = YES;
				CLANG_WARN__DUPLICATE_METHOD_MATCH = YES;
				CODE_SIGN_IDENTITY = "iPhone Developer";
				COPY_PHASE_STRIP = NO;
				DEBUG_INFORMATION_FORMAT = "dwarf-with-dsym";
				ENABLE_NS_ASSERTIONS = NO;
				ENABLE_STRICT_OBJC_MSGSEND = YES;
				GCC_C_LANGUAGE_STANDARD = gnu11;
				GCC_NO_COMMON_BLOCKS = YES;
				GCC_WARN_64_TO_32_BIT_CONVERSION = YES;
				GCC_WARN_ABOUT_RETURN_TYPE = YES_ERROR;
				GCC_WARN_UNDECLARED_SELECTOR = YES;
				GCC_WARN_UNINITIALIZED_AUTOS = YES_AGGRESSIVE;
				GCC_WARN_UNUSED_FUNCTION = YES;
				GCC_WARN_UNUSED_VARIABLE = YES;
				IPHONEOS_DEPLOYMENT_TARGET = 12.1;
				MTL_ENABLE_DEBUG_INFO = NO;
				MTL_FAST_MATH = YES;
				SDKROOT = iphoneos;
				SWIFT_COMPILATION_MODE = wholemodule;
				SWIFT_OPTIMIZATION_LEVEL = "-O";
				VALIDATE_PRODUCT = YES;
			};
			name = Release;
		};
		6C02E1A5225D7171004B8C51 /* Debug */ = {
			isa = XCBuildConfiguration;
			baseConfigurationReference = 19BBE620FE20E92402D772A5 /* Pods-peazyPayiOS.debug.xcconfig */;
			buildSettings = {
				ASSETCATALOG_COMPILER_APPICON_NAME = AppIcon;
				CODE_SIGN_STYLE = Automatic;
				INFOPLIST_FILE = peazyPayiOS/Info.plist;
				LD_RUNPATH_SEARCH_PATHS = (
					"$(inherited)",
					"@executable_path/Frameworks",
				);
				PRODUCT_BUNDLE_IDENTIFIER = com.eldenli.peazyPayiOS;
				PRODUCT_NAME = "$(TARGET_NAME)";
				SWIFT_VERSION = 4.2;
				TARGETED_DEVICE_FAMILY = "1,2";
			};
			name = Debug;
		};
		6C02E1A6225D7171004B8C51 /* Release */ = {
			isa = XCBuildConfiguration;
			baseConfigurationReference = 62277EFFBA3C0D2F699CB056 /* Pods-peazyPayiOS.release.xcconfig */;
			buildSettings = {
				ASSETCATALOG_COMPILER_APPICON_NAME = AppIcon;
				CODE_SIGN_STYLE = Automatic;
				INFOPLIST_FILE = peazyPayiOS/Info.plist;
				LD_RUNPATH_SEARCH_PATHS = (
					"$(inherited)",
					"@executable_path/Frameworks",
				);
				PRODUCT_BUNDLE_IDENTIFIER = com.eldenli.peazyPayiOS;
				PRODUCT_NAME = "$(TARGET_NAME)";
				SWIFT_VERSION = 4.2;
				TARGETED_DEVICE_FAMILY = "1,2";
			};
			name = Release;
		};
		6C02E1A8225D7171004B8C51 /* Debug */ = {
			isa = XCBuildConfiguration;
			baseConfigurationReference = 687BF92F5A02E59F9A256EB4 /* Pods-peazyPayiOSTests.debug.xcconfig */;
			buildSettings = {
				ALWAYS_EMBED_SWIFT_STANDARD_LIBRARIES = YES;
				BUNDLE_LOADER = "$(TEST_HOST)";
				CODE_SIGN_STYLE = Automatic;
				INFOPLIST_FILE = peazyPayiOSTests/Info.plist;
				LD_RUNPATH_SEARCH_PATHS = (
					"$(inherited)",
					"@executable_path/Frameworks",
					"@loader_path/Frameworks",
				);
				PRODUCT_BUNDLE_IDENTIFIER = com.eldenli.peazyPayiOSTests;
				PRODUCT_NAME = "$(TARGET_NAME)";
				SWIFT_VERSION = 4.2;
				TARGETED_DEVICE_FAMILY = "1,2";
				TEST_HOST = "$(BUILT_PRODUCTS_DIR)/peazyPayiOS.app/peazyPayiOS";
			};
			name = Debug;
		};
		6C02E1A9225D7171004B8C51 /* Release */ = {
			isa = XCBuildConfiguration;
			baseConfigurationReference = 466EBCB4D0298C446FA6EE7F /* Pods-peazyPayiOSTests.release.xcconfig */;
			buildSettings = {
				ALWAYS_EMBED_SWIFT_STANDARD_LIBRARIES = YES;
				BUNDLE_LOADER = "$(TEST_HOST)";
				CODE_SIGN_STYLE = Automatic;
				INFOPLIST_FILE = peazyPayiOSTests/Info.plist;
				LD_RUNPATH_SEARCH_PATHS = (
					"$(inherited)",
					"@executable_path/Frameworks",
					"@loader_path/Frameworks",
				);
				PRODUCT_BUNDLE_IDENTIFIER = com.eldenli.peazyPayiOSTests;
				PRODUCT_NAME = "$(TARGET_NAME)";
				SWIFT_VERSION = 4.2;
				TARGETED_DEVICE_FAMILY = "1,2";
				TEST_HOST = "$(BUILT_PRODUCTS_DIR)/peazyPayiOS.app/peazyPayiOS";
			};
			name = Release;
		};
		6C02E1AB225D7171004B8C51 /* Debug */ = {
			isa = XCBuildConfiguration;
			baseConfigurationReference = 64F30CC44ED2342D7F3121FB /* Pods-peazyPayiOSUITests.debug.xcconfig */;
			buildSettings = {
				ALWAYS_EMBED_SWIFT_STANDARD_LIBRARIES = YES;
				CODE_SIGN_STYLE = Automatic;
				INFOPLIST_FILE = peazyPayiOSUITests/Info.plist;
				LD_RUNPATH_SEARCH_PATHS = (
					"$(inherited)",
					"@executable_path/Frameworks",
					"@loader_path/Frameworks",
				);
				PRODUCT_BUNDLE_IDENTIFIER = com.eldenli.peazyPayiOSUITests;
				PRODUCT_NAME = "$(TARGET_NAME)";
				SWIFT_VERSION = 4.2;
				TARGETED_DEVICE_FAMILY = "1,2";
				TEST_TARGET_NAME = peazyPayiOS;
			};
			name = Debug;
		};
		6C02E1AC225D7171004B8C51 /* Release */ = {
			isa = XCBuildConfiguration;
			baseConfigurationReference = B13AFD604FB9A6C0180993D9 /* Pods-peazyPayiOSUITests.release.xcconfig */;
			buildSettings = {
				ALWAYS_EMBED_SWIFT_STANDARD_LIBRARIES = YES;
				CODE_SIGN_STYLE = Automatic;
				INFOPLIST_FILE = peazyPayiOSUITests/Info.plist;
				LD_RUNPATH_SEARCH_PATHS = (
					"$(inherited)",
					"@executable_path/Frameworks",
					"@loader_path/Frameworks",
				);
				PRODUCT_BUNDLE_IDENTIFIER = com.eldenli.peazyPayiOSUITests;
				PRODUCT_NAME = "$(TARGET_NAME)";
				SWIFT_VERSION = 4.2;
				TARGETED_DEVICE_FAMILY = "1,2";
				TEST_TARGET_NAME = peazyPayiOS;
			};
			name = Release;
		};
/* End XCBuildConfiguration section */

/* Begin XCConfigurationList section */
		6C02E174225D7170004B8C51 /* Build configuration list for PBXProject "peazyPayiOS" */ = {
			isa = XCConfigurationList;
			buildConfigurations = (
				6C02E1A2225D7171004B8C51 /* Debug */,
				6C02E1A3225D7171004B8C51 /* Release */,
			);
			defaultConfigurationIsVisible = 0;
			defaultConfigurationName = Release;
		};
		6C02E1A4225D7171004B8C51 /* Build configuration list for PBXNativeTarget "peazyPayiOS" */ = {
			isa = XCConfigurationList;
			buildConfigurations = (
				6C02E1A5225D7171004B8C51 /* Debug */,
				6C02E1A6225D7171004B8C51 /* Release */,
			);
			defaultConfigurationIsVisible = 0;
			defaultConfigurationName = Release;
		};
		6C02E1A7225D7171004B8C51 /* Build configuration list for PBXNativeTarget "peazyPayiOSTests" */ = {
			isa = XCConfigurationList;
			buildConfigurations = (
				6C02E1A8225D7171004B8C51 /* Debug */,
				6C02E1A9225D7171004B8C51 /* Release */,
			);
			defaultConfigurationIsVisible = 0;
			defaultConfigurationName = Release;
		};
		6C02E1AA225D7171004B8C51 /* Build configuration list for PBXNativeTarget "peazyPayiOSUITests" */ = {
			isa = XCConfigurationList;
			buildConfigurations = (
				6C02E1AB225D7171004B8C51 /* Debug */,
				6C02E1AC225D7171004B8C51 /* Release */,
			);
			defaultConfigurationIsVisible = 0;
			defaultConfigurationName = Release;
		};
/* End XCConfigurationList section */

/* Begin XCVersionGroup section */
		6C02E183225D7170004B8C51 /* peazyPayiOS.xcdatamodeld */ = {
			isa = XCVersionGroup;
			children = (
				6C02E184225D7170004B8C51 /* peazyPayiOS.xcdatamodel */,
			);
			currentVersion = 6C02E184225D7170004B8C51 /* peazyPayiOS.xcdatamodel */;
			path = peazyPayiOS.xcdatamodeld;
			sourceTree = "<group>";
			versionGroupType = wrapper.xcdatamodel;
		};
/* End XCVersionGroup section */
	};
	rootObject = 6C02E171225D7170004B8C51 /* Project object */;
}
